// !$*UTF8*$!
{
	archiveVersion = 1;
	classes = {
	};
	objectVersion = 50;
	objects = {

/* Begin PBXBuildFile section */
		56799FB724CC039C00D25C87 /* SettingsViewController.m in Sources */ = {isa = PBXBuildFile; fileRef = 56799FB624CC039C00D25C87 /* SettingsViewController.m */; };
		56799FBA24CC0AED00D25C87 /* TipsUtility.m in Sources */ = {isa = PBXBuildFile; fileRef = 56799FB924CC0AED00D25C87 /* TipsUtility.m */; };
		569BCE1E24B437DD00207276 /* AppDelegate.m in Sources */ = {isa = PBXBuildFile; fileRef = 569BCE1D24B437DD00207276 /* AppDelegate.m */; };
		569BCE2124B437DD00207276 /* SceneDelegate.m in Sources */ = {isa = PBXBuildFile; fileRef = 569BCE2024B437DD00207276 /* SceneDelegate.m */; };
		569BCE2424B437DD00207276 /* ViewController.m in Sources */ = {isa = PBXBuildFile; fileRef = 569BCE2324B437DD00207276 /* ViewController.m */; };
		569BCE2724B437DD00207276 /* Main.storyboard in Resources */ = {isa = PBXBuildFile; fileRef = 569BCE2524B437DD00207276 /* Main.storyboard */; };
		569BCE2924B437E300207276 /* Assets.xcassets in Resources */ = {isa = PBXBuildFile; fileRef = 569BCE2824B437E300207276 /* Assets.xcassets */; };
		569BCE2C24B437E300207276 /* LaunchScreen.storyboard in Resources */ = {isa = PBXBuildFile; fileRef = 569BCE2A24B437E300207276 /* LaunchScreen.storyboard */; };
		569BCE2F24B437E300207276 /* main.m in Sources */ = {isa = PBXBuildFile; fileRef = 569BCE2E24B437E300207276 /* main.m */; };
		569BCE3924B437E300207276 /* TipsterTests.m in Sources */ = {isa = PBXBuildFile; fileRef = 569BCE3824B437E300207276 /* TipsterTests.m */; };
		569BCE4424B437E300207276 /* TipsterUITests.m in Sources */ = {isa = PBXBuildFile; fileRef = 569BCE4324B437E300207276 /* TipsterUITests.m */; };
		569BCE5224B44D7B00207276 /* .gitignore in Resources */ = {isa = PBXBuildFile; fileRef = 569BCE5124B44D7B00207276 /* .gitignore */; };
/* End PBXBuildFile section */

/* Begin PBXContainerItemProxy section */
		569BCE3524B437E300207276 /* PBXContainerItemProxy */ = {
			isa = PBXContainerItemProxy;
			containerPortal = 569BCE1124B437DD00207276 /* Project object */;
			proxyType = 1;
			remoteGlobalIDString = 569BCE1824B437DD00207276;
			remoteInfo = Tipster;
		};
		569BCE4024B437E300207276 /* PBXContainerItemProxy */ = {
			isa = PBXContainerItemProxy;
			containerPortal = 569BCE1124B437DD00207276 /* Project object */;
			proxyType = 1;
			remoteGlobalIDString = 569BCE1824B437DD00207276;
			remoteInfo = Tipster;
		};
/* End PBXContainerItemProxy section */

/* Begin PBXFileReference section */
		56799FB524CC039C00D25C87 /* SettingsViewController.h */ = {isa = PBXFileReference; lastKnownFileType = sourcecode.c.h; path = SettingsViewController.h; sourceTree = "<group>"; };
		56799FB624CC039C00D25C87 /* SettingsViewController.m */ = {isa = PBXFileReference; lastKnownFileType = sourcecode.c.objc; path = SettingsViewController.m; sourceTree = "<group>"; };
		56799FB824CC0AD000D25C87 /* TipsUtility.h */ = {isa = PBXFileReference; lastKnownFileType = sourcecode.c.h; path = TipsUtility.h; sourceTree = "<group>"; };
		56799FB924CC0AED00D25C87 /* TipsUtility.m */ = {isa = PBXFileReference; lastKnownFileType = sourcecode.c.objc; path = TipsUtility.m; sourceTree = "<group>"; };
		569BCE1924B437DD00207276 /* Tipster.app */ = {isa = PBXFileReference; explicitFileType = wrapper.application; includeInIndex = 0; path = Tipster.app; sourceTree = BUILT_PRODUCTS_DIR; };
		569BCE1C24B437DD00207276 /* AppDelegate.h */ = {isa = PBXFileReference; lastKnownFileType = sourcecode.c.h; path = AppDelegate.h; sourceTree = "<group>"; };
		569BCE1D24B437DD00207276 /* AppDelegate.m */ = {isa = PBXFileReference; lastKnownFileType = sourcecode.c.objc; path = AppDelegate.m; sourceTree = "<group>"; };
		569BCE1F24B437DD00207276 /* SceneDelegate.h */ = {isa = PBXFileReference; lastKnownFileType = sourcecode.c.h; path = SceneDelegate.h; sourceTree = "<group>"; };
		569BCE2024B437DD00207276 /* SceneDelegate.m */ = {isa = PBXFileReference; lastKnownFileType = sourcecode.c.objc; path = SceneDelegate.m; sourceTree = "<group>"; };
		569BCE2224B437DD00207276 /* ViewController.h */ = {isa = PBXFileReference; lastKnownFileType = sourcecode.c.h; path = ViewController.h; sourceTree = "<group>"; };
		569BCE2324B437DD00207276 /* ViewController.m */ = {isa = PBXFileReference; lastKnownFileType = sourcecode.c.objc; path = ViewController.m; sourceTree = "<group>"; };
		569BCE2624B437DD00207276 /* Base */ = {isa = PBXFileReference; lastKnownFileType = file.storyboard; name = Base; path = Base.lproj/Main.storyboard; sourceTree = "<group>"; };
		569BCE2824B437E300207276 /* Assets.xcassets */ = {isa = PBXFileReference; lastKnownFileType = folder.assetcatalog; path = Assets.xcassets; sourceTree = "<group>"; };
		569BCE2B24B437E300207276 /* Base */ = {isa = PBXFileReference; lastKnownFileType = file.storyboard; name = Base; path = Base.lproj/LaunchScreen.storyboard; sourceTree = "<group>"; };
		569BCE2D24B437E300207276 /* Info.plist */ = {isa = PBXFileReference; lastKnownFileType = text.plist.xml; path = Info.plist; sourceTree = "<group>"; };
		569BCE2E24B437E300207276 /* main.m */ = {isa = PBXFileReference; lastKnownFileType = sourcecode.c.objc; path = main.m; sourceTree = "<group>"; };
		569BCE3424B437E300207276 /* TipsterTests.xctest */ = {isa = PBXFileReference; explicitFileType = wrapper.cfbundle; includeInIndex = 0; path = TipsterTests.xctest; sourceTree = BUILT_PRODUCTS_DIR; };
		569BCE3824B437E300207276 /* TipsterTests.m */ = {isa = PBXFileReference; lastKnownFileType = sourcecode.c.objc; path = TipsterTests.m; sourceTree = "<group>"; };
		569BCE3A24B437E300207276 /* Info.plist */ = {isa = PBXFileReference; lastKnownFileType = text.plist.xml; path = Info.plist; sourceTree = "<group>"; };
		569BCE3F24B437E300207276 /* TipsterUITests.xctest */ = {isa = PBXFileReference; explicitFileType = wrapper.cfbundle; includeInIndex = 0; path = TipsterUITests.xctest; sourceTree = BUILT_PRODUCTS_DIR; };
		569BCE4324B437E300207276 /* TipsterUITests.m */ = {isa = PBXFileReference; lastKnownFileType = sourcecode.c.objc; path = TipsterUITests.m; sourceTree = "<group>"; };
		569BCE4524B437E300207276 /* Info.plist */ = {isa = PBXFileReference; lastKnownFileType = text.plist.xml; path = Info.plist; sourceTree = "<group>"; };
		569BCE5124B44D7B00207276 /* .gitignore */ = {isa = PBXFileReference; lastKnownFileType = text; path = .gitignore; sourceTree = "<group>"; };
/* End PBXFileReference section */

/* Begin PBXFrameworksBuildPhase section */
		569BCE1624B437DD00207276 /* Frameworks */ = {
			isa = PBXFrameworksBuildPhase;
			buildActionMask = 2147483647;
			files = (
			);
			runOnlyForDeploymentPostprocessing = 0;
		};
		569BCE3124B437E300207276 /* Frameworks */ = {
			isa = PBXFrameworksBuildPhase;
			buildActionMask = 2147483647;
			files = (
			);
			runOnlyForDeploymentPostprocessing = 0;
		};
		569BCE3C24B437E300207276 /* Frameworks */ = {
			isa = PBXFrameworksBuildPhase;
			buildActionMask = 2147483647;
			files = (
			);
			runOnlyForDeploymentPostprocessing = 0;
		};
/* End PBXFrameworksBuildPhase section */

/* Begin PBXGroup section */
		569BCE1024B437DD00207276 = {
			isa = PBXGroup;
			children = (
				569BCE5124B44D7B00207276 /* .gitignore */,
				569BCE1B24B437DD00207276 /* Tipster */,
				569BCE3724B437E300207276 /* TipsterTests */,
				569BCE4224B437E300207276 /* TipsterUITests */,
				569BCE1A24B437DD00207276 /* Products */,
			);
			sourceTree = "<group>";
		};
		569BCE1A24B437DD00207276 /* Products */ = {
			isa = PBXGroup;
			children = (
				569BCE1924B437DD00207276 /* Tipster.app */,
				569BCE3424B437E300207276 /* TipsterTests.xctest */,
				569BCE3F24B437E300207276 /* TipsterUITests.xctest */,
			);
			name = Products;
			sourceTree = "<group>";
		};
		569BCE1B24B437DD00207276 /* Tipster */ = {
			isa = PBXGroup;
			children = (
				56799FB524CC039C00D25C87 /* SettingsViewController.h */,
				569BCE1C24B437DD00207276 /* AppDelegate.h */,
				56799FB624CC039C00D25C87 /* SettingsViewController.m */,
				569BCE1D24B437DD00207276 /* AppDelegate.m */,
				569BCE1F24B437DD00207276 /* SceneDelegate.h */,
				569BCE2024B437DD00207276 /* SceneDelegate.m */,
				569BCE2224B437DD00207276 /* ViewController.h */,
				569BCE2324B437DD00207276 /* ViewController.m */,
				569BCE2524B437DD00207276 /* Main.storyboard */,
				569BCE2824B437E300207276 /* Assets.xcassets */,
				569BCE2A24B437E300207276 /* LaunchScreen.storyboard */,
				569BCE2D24B437E300207276 /* Info.plist */,
				569BCE2E24B437E300207276 /* main.m */,
				56799FB824CC0AD000D25C87 /* TipsUtility.h */,
				56799FB924CC0AED00D25C87 /* TipsUtility.m */,
			);
			path = Tipster;
			sourceTree = "<group>";
		};
		569BCE3724B437E300207276 /* TipsterTests */ = {
			isa = PBXGroup;
			children = (
				569BCE3824B437E300207276 /* TipsterTests.m */,
				569BCE3A24B437E300207276 /* Info.plist */,
			);
			path = TipsterTests;
			sourceTree = "<group>";
		};
		569BCE4224B437E300207276 /* TipsterUITests */ = {
			isa = PBXGroup;
			children = (
				569BCE4324B437E300207276 /* TipsterUITests.m */,
				569BCE4524B437E300207276 /* Info.plist */,
			);
			path = TipsterUITests;
			sourceTree = "<group>";
		};
/* End PBXGroup section */

/* Begin PBXNativeTarget section */
		569BCE1824B437DD00207276 /* Tipster */ = {
			isa = PBXNativeTarget;
			buildConfigurationList = 569BCE4824B437E300207276 /* Build configuration list for PBXNativeTarget "Tipster" */;
			buildPhases = (
				569BCE1524B437DD00207276 /* Sources */,
				569BCE1624B437DD00207276 /* Frameworks */,
				569BCE1724B437DD00207276 /* Resources */,
			);
			buildRules = (
			);
			dependencies = (
			);
			name = Tipster;
			productName = Tipster;
			productReference = 569BCE1924B437DD00207276 /* Tipster.app */;
			productType = "com.apple.product-type.application";
		};
		569BCE3324B437E300207276 /* TipsterTests */ = {
			isa = PBXNativeTarget;
			buildConfigurationList = 569BCE4B24B437E300207276 /* Build configuration list for PBXNativeTarget "TipsterTests" */;
			buildPhases = (
				569BCE3024B437E300207276 /* Sources */,
				569BCE3124B437E300207276 /* Frameworks */,
				569BCE3224B437E300207276 /* Resources */,
			);
			buildRules = (
			);
			dependencies = (
				569BCE3624B437E300207276 /* PBXTargetDependency */,
			);
			name = TipsterTests;
			productName = TipsterTests;
			productReference = 569BCE3424B437E300207276 /* TipsterTests.xctest */;
			productType = "com.apple.product-type.bundle.unit-test";
		};
		569BCE3E24B437E300207276 /* TipsterUITests */ = {
			isa = PBXNativeTarget;
			buildConfigurationList = 569BCE4E24B437E300207276 /* Build configuration list for PBXNativeTarget "TipsterUITests" */;
			buildPhases = (
				569BCE3B24B437E300207276 /* Sources */,
				569BCE3C24B437E300207276 /* Frameworks */,
				569BCE3D24B437E300207276 /* Resources */,
			);
			buildRules = (
			);
			dependencies = (
				569BCE4124B437E300207276 /* PBXTargetDependency */,
			);
			name = TipsterUITests;
			productName = TipsterUITests;
			productReference = 569BCE3F24B437E300207276 /* TipsterUITests.xctest */;
			productType = "com.apple.product-type.bundle.ui-testing";
		};
/* End PBXNativeTarget section */

/* Begin PBXProject section */
		569BCE1124B437DD00207276 /* Project object */ = {
			isa = PBXProject;
			attributes = {
				LastUpgradeCheck = 1150;
				ORGANIZATIONNAME = codepath;
				TargetAttributes = {
					569BCE1824B437DD00207276 = {
						CreatedOnToolsVersion = 11.5;
					};
					569BCE3324B437E300207276 = {
						CreatedOnToolsVersion = 11.5;
						TestTargetID = 569BCE1824B437DD00207276;
					};
					569BCE3E24B437E300207276 = {
						CreatedOnToolsVersion = 11.5;
						TestTargetID = 569BCE1824B437DD00207276;
					};
				};
			};
			buildConfigurationList = 569BCE1424B437DD00207276 /* Build configuration list for PBXProject "Tipster" */;
			compatibilityVersion = "Xcode 9.3";
			developmentRegion = en;
			hasScannedForEncodings = 0;
			knownRegions = (
				en,
				Base,
			);
			mainGroup = 569BCE1024B437DD00207276;
			productRefGroup = 569BCE1A24B437DD00207276 /* Products */;
			projectDirPath = "";
			projectRoot = "";
			targets = (
				569BCE1824B437DD00207276 /* Tipster */,
				569BCE3324B437E300207276 /* TipsterTests */,
				569BCE3E24B437E300207276 /* TipsterUITests */,
			);
		};
/* End PBXProject section */

/* Begin PBXResourcesBuildPhase section */
		569BCE1724B437DD00207276 /* Resources */ = {
			isa = PBXResourcesBuildPhase;
			buildActionMask = 2147483647;
			files = (
				569BCE5224B44D7B00207276 /* .gitignore in Resources */,
				569BCE2C24B437E300207276 /* LaunchScreen.storyboard in Resources */,
				569BCE2924B437E300207276 /* Assets.xcassets in Resources */,
				569BCE2724B437DD00207276 /* Main.storyboard in Resources */,
			);
			runOnlyForDeploymentPostprocessing = 0;
		};
		569BCE3224B437E300207276 /* Resources */ = {
			isa = PBXResourcesBuildPhase;
			buildActionMask = 2147483647;
			files = (
			);
			runOnlyForDeploymentPostprocessing = 0;
		};
		569BCE3D24B437E300207276 /* Resources */ = {
			isa = PBXResourcesBuildPhase;
			buildActionMask = 2147483647;
			files = (
			);
			runOnlyForDeploymentPostprocessing = 0;
		};
/* End PBXResourcesBuildPhase section */

/* Begin PBXSourcesBuildPhase section */
		569BCE1524B437DD00207276 /* Sources */ = {
			isa = PBXSourcesBuildPhase;
			buildActionMask = 2147483647;
			files = (
				569BCE2424B437DD00207276 /* ViewController.m in Sources */,
				569BCE1E24B437DD00207276 /* AppDelegate.m in Sources */,
				56799FB724CC039C00D25C87 /* SettingsViewController.m in Sources */,
				569BCE2F24B437E300207276 /* main.m in Sources */,
				56799FBA24CC0AED00D25C87 /* TipsUtility.m in Sources */,
				569BCE2124B437DD00207276 /* SceneDelegate.m in Sources */,
			);
			runOnlyForDeploymentPostprocessing = 0;
		};
		569BCE3024B437E300207276 /* Sources */ = {
			isa = PBXSourcesBuildPhase;
			buildActionMask = 2147483647;
			files = (
				569BCE3924B437E300207276 /* TipsterTests.m in Sources */,
			);
			runOnlyForDeploymentPostprocessing = 0;
		};
		569BCE3B24B437E300207276 /* Sources */ = {
			isa = PBXSourcesBuildPhase;
			buildActionMask = 2147483647;
			files = (
				569BCE4424B437E300207276 /* TipsterUITests.m in Sources */,
			);
			runOnlyForDeploymentPostprocessing = 0;
		};
/* End PBXSourcesBuildPhase section */

/* Begin PBXTargetDependency section */
		569BCE3624B437E300207276 /* PBXTargetDependency */ = {
			isa = PBXTargetDependency;
			target = 569BCE1824B437DD00207276 /* Tipster */;
			targetProxy = 569BCE3524B437E300207276 /* PBXContainerItemProxy */;
		};
		569BCE4124B437E300207276 /* PBXTargetDependency */ = {
			isa = PBXTargetDependency;
			target = 569BCE1824B437DD00207276 /* Tipster */;
			targetProxy = 569BCE4024B437E300207276 /* PBXContainerItemProxy */;
		};
/* End PBXTargetDependency section */

/* Begin PBXVariantGroup section */
		569BCE2524B437DD00207276 /* Main.storyboard */ = {
			isa = PBXVariantGroup;
			children = (
				569BCE2624B437DD00207276 /* Base */,
			);
			name = Main.storyboard;
			sourceTree = "<group>";
		};
		569BCE2A24B437E300207276 /* LaunchScreen.storyboard */ = {
			isa = PBXVariantGroup;
			children = (
				569BCE2B24B437E300207276 /* Base */,
			);
			name = LaunchScreen.storyboard;
			sourceTree = "<group>";
		};
/* End PBXVariantGroup section */

/* Begin XCBuildConfiguration section */
		569BCE4624B437E300207276 /* Debug */ = {
			isa = XCBuildConfiguration;
			buildSettings = {
				ALWAYS_SEARCH_USER_PATHS = NO;
				CLANG_ANALYZER_NONNULL = YES;
				CLANG_ANALYZER_NUMBER_OBJECT_CONVERSION = YES_AGGRESSIVE;
				CLANG_CXX_LANGUAGE_STANDARD = "gnu++14";
				CLANG_CXX_LIBRARY = "libc++";
				CLANG_ENABLE_MODULES = YES;
				CLANG_ENABLE_OBJC_ARC = YES;
				CLANG_ENABLE_OBJC_WEAK = YES;
				CLANG_WARN_BLOCK_CAPTURE_AUTORELEASING = YES;
				CLANG_WARN_BOOL_CONVERSION = YES;
				CLANG_WARN_COMMA = YES;
				CLANG_WARN_CONSTANT_CONVERSION = YES;
				CLANG_WARN_DEPRECATED_OBJC_IMPLEMENTATIONS = YES;
				CLANG_WARN_DIRECT_OBJC_ISA_USAGE = YES_ERROR;
				CLANG_WARN_DOCUMENTATION_COMMENTS = YES;
				CLANG_WARN_EMPTY_BODY = YES;
				CLANG_WARN_ENUM_CONVERSION = YES;
				CLANG_WARN_INFINITE_RECURSION = YES;
				CLANG_WARN_INT_CONVERSION = YES;
				CLANG_WARN_NON_LITERAL_NULL_CONVERSION = YES;
				CLANG_WARN_OBJC_IMPLICIT_RETAIN_SELF = YES;
				CLANG_WARN_OBJC_LITERAL_CONVERSION = YES;
				CLANG_WARN_OBJC_ROOT_CLASS = YES_ERROR;
				CLANG_WARN_RANGE_LOOP_ANALYSIS = YES;
				CLANG_WARN_STRICT_PROTOTYPES = YES;
				CLANG_WARN_SUSPICIOUS_MOVE = YES;
				CLANG_WARN_UNGUARDED_AVAILABILITY = YES_AGGRESSIVE;
				CLANG_WARN_UNREACHABLE_CODE = YES;
				CLANG_WARN__DUPLICATE_METHOD_MATCH = YES;
				COPY_PHASE_STRIP = NO;
				DEBUG_INFORMATION_FORMAT = dwarf;
				ENABLE_STRICT_OBJC_MSGSEND = YES;
				ENABLE_TESTABILITY = YES;
				GCC_C_LANGUAGE_STANDARD = gnu11;
				GCC_DYNAMIC_NO_PIC = NO;
				GCC_NO_COMMON_BLOCKS = YES;
				GCC_OPTIMIZATION_LEVEL = 0;
				GCC_PREPROCESSOR_DEFINITIONS = (
					"DEBUG=1",
					"$(inherited)",
				);
				GCC_WARN_64_TO_32_BIT_CONVERSION = YES;
				GCC_WARN_ABOUT_RETURN_TYPE = YES_ERROR;
				GCC_WARN_UNDECLARED_SELECTOR = YES;
				GCC_WARN_UNINITIALIZED_AUTOS = YES_AGGRESSIVE;
				GCC_WARN_UNUSED_FUNCTION = YES;
				GCC_WARN_UNUSED_VARIABLE = YES;
				IPHONEOS_DEPLOYMENT_TARGET = 13.5;
				MTL_ENABLE_DEBUG_INFO = INCLUDE_SOURCE;
				MTL_FAST_MATH = YES;
				ONLY_ACTIVE_ARCH = YES;
				SDKROOT = iphoneos;
			};
			name = Debug;
		};
		569BCE4724B437E300207276 /* Release */ = {
			isa = XCBuildConfiguration;
			buildSettings = {
				ALWAYS_SEARCH_USER_PATHS = NO;
				CLANG_ANALYZER_NONNULL = YES;
				CLANG_ANALYZER_NUMBER_OBJECT_CONVERSION = YES_AGGRESSIVE;
				CLANG_CXX_LANGUAGE_STANDARD = "gnu++14";
				CLANG_CXX_LIBRARY = "libc++";
				CLANG_ENABLE_MODULES = YES;
				CLANG_ENABLE_OBJC_ARC = YES;
				CLANG_ENABLE_OBJC_WEAK = YES;
				CLANG_WARN_BLOCK_CAPTURE_AUTORELEASING = YES;
				CLANG_WARN_BOOL_CONVERSION = YES;
				CLANG_WARN_COMMA = YES;
				CLANG_WARN_CONSTANT_CONVERSION = YES;
				CLANG_WARN_DEPRECATED_OBJC_IMPLEMENTATIONS = YES;
				CLANG_WARN_DIRECT_OBJC_ISA_USAGE = YES_ERROR;
				CLANG_WARN_DOCUMENTATION_COMMENTS = YES;
				CLANG_WARN_EMPTY_BODY = YES;
				CLANG_WARN_ENUM_CONVERSION = YES;
				CLANG_WARN_INFINITE_RECURSION = YES;
				CLANG_WARN_INT_CONVERSION = YES;
				CLANG_WARN_NON_LITERAL_NULL_CONVERSION = YES;
				CLANG_WARN_OBJC_IMPLICIT_RETAIN_SELF = YES;
				CLANG_WARN_OBJC_LITERAL_CONVERSION = YES;
				CLANG_WARN_OBJC_ROOT_CLASS = YES_ERROR;
				CLANG_WARN_RANGE_LOOP_ANALYSIS = YES;
				CLANG_WARN_STRICT_PROTOTYPES = YES;
				CLANG_WARN_SUSPICIOUS_MOVE = YES;
				CLANG_WARN_UNGUARDED_AVAILABILITY = YES_AGGRESSIVE;
				CLANG_WARN_UNREACHABLE_CODE = YES;
				CLANG_WARN__DUPLICATE_METHOD_MATCH = YES;
				COPY_PHASE_STRIP = NO;
				DEBUG_INFORMATION_FORMAT = "dwarf-with-dsym";
				ENABLE_NS_ASSERTIONS = NO;
				ENABLE_STRICT_OBJC_MSGSEND = YES;
				GCC_C_LANGUAGE_STANDARD = gnu11;
				GCC_NO_COMMON_BLOCKS = YES;
				GCC_WARN_64_TO_32_BIT_CONVERSION = YES;
				GCC_WARN_ABOUT_RETURN_TYPE = YES_ERROR;
				GCC_WARN_UNDECLARED_SELECTOR = YES;
				GCC_WARN_UNINITIALIZED_AUTOS = YES_AGGRESSIVE;
				GCC_WARN_UNUSED_FUNCTION = YES;
				GCC_WARN_UNUSED_VARIABLE = YES;
				IPHONEOS_DEPLOYMENT_TARGET = 13.5;
				MTL_ENABLE_DEBUG_INFO = NO;
				MTL_FAST_MATH = YES;
				SDKROOT = iphoneos;
				VALIDATE_PRODUCT = YES;
			};
			name = Release;
		};
		569BCE4924B437E300207276 /* Debug */ = {
			isa = XCBuildConfiguration;
			buildSettings = {
				ASSETCATALOG_COMPILER_APPICON_NAME = AppIcon;
				CODE_SIGN_STYLE = Automatic;
				DEVELOPMENT_TEAM = 4KD72XK47A;
				INFOPLIST_FILE = Tipster/Info.plist;
				LD_RUNPATH_SEARCH_PATHS = (
					"$(inherited)",
					"@executable_path/Frameworks",
				);
				PRODUCT_BUNDLE_IDENTIFIER = org.codepath.Tipster;
				PRODUCT_NAME = "$(TARGET_NAME)";
				TARGETED_DEVICE_FAMILY = "1,2";
			};
			name = Debug;
		};
		569BCE4A24B437E300207276 /* Release */ = {
			isa = XCBuildConfiguration;
			buildSettings = {
				ASSETCATALOG_COMPILER_APPICON_NAME = AppIcon;
				CODE_SIGN_STYLE = Automatic;
				DEVELOPMENT_TEAM = 4KD72XK47A;
				INFOPLIST_FILE = Tipster/Info.plist;
				LD_RUNPATH_SEARCH_PATHS = (
					"$(inherited)",
					"@executable_path/Frameworks",
				);
				PRODUCT_BUNDLE_IDENTIFIER = org.codepath.Tipster;
				PRODUCT_NAME = "$(TARGET_NAME)";
				TARGETED_DEVICE_FAMILY = "1,2";
			};
			name = Release;
		};
		569BCE4C24B437E300207276 /* Debug */ = {
			isa = XCBuildConfiguration;
			buildSettings = {
				BUNDLE_LOADER = "$(TEST_HOST)";
				CODE_SIGN_STYLE = Automatic;
				INFOPLIST_FILE = TipsterTests/Info.plist;
				IPHONEOS_DEPLOYMENT_TARGET = 13.5;
				LD_RUNPATH_SEARCH_PATHS = (
					"$(inherited)",
					"@executable_path/Frameworks",
					"@loader_path/Frameworks",
				);
				PRODUCT_BUNDLE_IDENTIFIER = org.codepath.TipsterTests;
				PRODUCT_NAME = "$(TARGET_NAME)";
				TARGETED_DEVICE_FAMILY = "1,2";
				TEST_HOST = "$(BUILT_PRODUCTS_DIR)/Tipster.app/Tipster";
			};
			name = Debug;
		};
		569BCE4D24B437E300207276 /* Release */ = {
			isa = XCBuildConfiguration;
			buildSettings = {
				BUNDLE_LOADER = "$(TEST_HOST)";
				CODE_SIGN_STYLE = Automatic;
				INFOPLIST_FILE = TipsterTests/Info.plist;
				IPHONEOS_DEPLOYMENT_TARGET = 13.5;
				LD_RUNPATH_SEARCH_PATHS = (
					"$(inherited)",
					"@executable_path/Frameworks",
					"@loader_path/Frameworks",
				);
				PRODUCT_BUNDLE_IDENTIFIER = org.codepath.TipsterTests;
				PRODUCT_NAME = "$(TARGET_NAME)";
				TARGETED_DEVICE_FAMILY = "1,2";
				TEST_HOST = "$(BUILT_PRODUCTS_DIR)/Tipster.app/Tipster";
			};
			name = Release;
		};
		569BCE4F24B437E300207276 /* Debug */ = {
			isa = XCBuildConfiguration;
			buildSettings = {
				CODE_SIGN_STYLE = Automatic;
				INFOPLIST_FILE = TipsterUITests/Info.plist;
				LD_RUNPATH_SEARCH_PATHS = (
					"$(inherited)",
					"@executable_path/Frameworks",
					"@loader_path/Frameworks",
				);
				PRODUCT_BUNDLE_IDENTIFIER = org.codepath.TipsterUITests;
				PRODUCT_NAME = "$(TARGET_NAME)";
				TARGETED_DEVICE_FAMILY = "1,2";
				TEST_TARGET_NAME = Tipster;
			};
			name = Debug;
		};
		569BCE5024B437E300207276 /* Release */ = {
			isa = XCBuildConfiguration;
			buildSettings = {
				CODE_SIGN_STYLE = Automatic;
				INFOPLIST_FILE = TipsterUITests/Info.plist;
				LD_RUNPATH_SEARCH_PATHS = (
					"$(inherited)",
					"@executable_path/Frameworks",
					"@loader_path/Frameworks",
				);
				PRODUCT_BUNDLE_IDENTIFIER = org.codepath.TipsterUITests;
				PRODUCT_NAME = "$(TARGET_NAME)";
				TARGETED_DEVICE_FAMILY = "1,2";
				TEST_TARGET_NAME = Tipster;
			};
			name = Release;
		};
/* End XCBuildConfiguration section */

/* Begin XCConfigurationList section */
		569BCE1424B437DD00207276 /* Build configuration list for PBXProject "Tipster" */ = {
			isa = XCConfigurationList;
			buildConfigurations = (
				569BCE4624B437E300207276 /* Debug */,
				569BCE4724B437E300207276 /* Release */,
			);
			defaultConfigurationIsVisible = 0;
			defaultConfigurationName = Release;
		};
		569BCE4824B437E300207276 /* Build configuration list for PBXNativeTarget "Tipster" */ = {
			isa = XCConfigurationList;
			buildConfigurations = (
				569BCE4924B437E300207276 /* Debug */,
				569BCE4A24B437E300207276 /* Release */,
			);
			defaultConfigurationIsVisible = 0;
			defaultConfigurationName = Release;
		};
		569BCE4B24B437E300207276 /* Build configuration list for PBXNativeTarget "TipsterTests" */ = {
			isa = XCConfigurationList;
			buildConfigurations = (
				569BCE4C24B437E300207276 /* Debug */,
				569BCE4D24B437E300207276 /* Release */,
			);
			defaultConfigurationIsVisible = 0;
			defaultConfigurationName = Release;
		};
		569BCE4E24B437E300207276 /* Build configuration list for PBXNativeTarget "TipsterUITests" */ = {
			isa = XCConfigurationList;
			buildConfigurations = (
				569BCE4F24B437E300207276 /* Debug */,
				569BCE5024B437E300207276 /* Release */,
			);
			defaultConfigurationIsVisible = 0;
			defaultConfigurationName = Release;
		};
/* End XCConfigurationList section */
	};
	rootObject = 569BCE1124B437DD00207276 /* Project object */;
}
